{
  "lockfileVersion": 1,
  "workspaces": {
    "": {
      "name": "peesonnong",
      "devDependencies": {
        "prettier": "3.5.1",
        "prettier-plugin-sort-json": "4.1.1",
      },
    },
  },
  "packages": {
    "prettier": ["prettier@3.5.1", "", { "bin": { "prettier": "bin/prettier.cjs" } }, "sha512-hPpFQvHwL3Qv5AdRvBFMhnKo4tYxp0ReXiPn2bxkiohEX6mBeBwEpBSQTkD458RaaDKQMYSp4hX4UtfUTA5wDw=="],

    "prettier-plugin-sort-json": ["prettier-plugin-sort-json@4.1.1", "", { "peerDependencies": { "prettier": "^3.0.0" } }, "sha512-uJ49wCzwJ/foKKV4tIPxqi4jFFvwUzw4oACMRG2dcmDhBKrxBv0L2wSKkAqHCmxKCvj0xcCZS4jO2kSJO/tRJw=="],
  }
}
